// !$*UTF8*$!
{
	archiveVersion = 1;
	classes = {
	};
	objectVersion = 56;
	objects = {

/* Begin PBXBuildFile section */
		340F646D2A01C49400C50263 /* Academy_Interactive_MapApp.swift in Sources */ = {isa = PBXBuildFile; fileRef = 340F646C2A01C49400C50263 /* Academy_Interactive_MapApp.swift */; };
		340F646F2A01C49400C50263 /* ContentView.swift in Sources */ = {isa = PBXBuildFile; fileRef = 340F646E2A01C49400C50263 /* ContentView.swift */; };
		340F64712A01C49700C50263 /* Assets.xcassets in Resources */ = {isa = PBXBuildFile; fileRef = 340F64702A01C49700C50263 /* Assets.xcassets */; };
		340F64752A01C49700C50263 /* Preview Assets.xcassets in Resources */ = {isa = PBXBuildFile; fileRef = 340F64742A01C49700C50263 /* Preview Assets.xcassets */; };
		340F647F2A01C49700C50263 /* Academy_Interactive_MapTests.swift in Sources */ = {isa = PBXBuildFile; fileRef = 340F647E2A01C49700C50263 /* Academy_Interactive_MapTests.swift */; };
		340F64892A01C49700C50263 /* Academy_Interactive_MapUITests.swift in Sources */ = {isa = PBXBuildFile; fileRef = 340F64882A01C49700C50263 /* Academy_Interactive_MapUITests.swift */; };
		340F648B2A01C49700C50263 /* Academy_Interactive_MapUITestsLaunchTests.swift in Sources */ = {isa = PBXBuildFile; fileRef = 340F648A2A01C49700C50263 /* Academy_Interactive_MapUITestsLaunchTests.swift */; };
		3475A66C2A02BE0D000C74DA /* InteractiveMap in Frameworks */ = {isa = PBXBuildFile; productRef = 3475A66B2A02BE0D000C74DA /* InteractiveMap */; };
/* End PBXBuildFile section */

/* Begin PBXContainerItemProxy section */
		340F647B2A01C49700C50263 /* PBXContainerItemProxy */ = {
			isa = PBXContainerItemProxy;
			containerPortal = 340F64612A01C49400C50263 /* Project object */;
			proxyType = 1;
			remoteGlobalIDString = 340F64682A01C49400C50263;
			remoteInfo = "Academy Interactive Map";
		};
		340F64852A01C49700C50263 /* PBXContainerItemProxy */ = {
			isa = PBXContainerItemProxy;
			containerPortal = 340F64612A01C49400C50263 /* Project object */;
			proxyType = 1;
			remoteGlobalIDString = 340F64682A01C49400C50263;
			remoteInfo = "Academy Interactive Map";
		};
/* End PBXContainerItemProxy section */

/* Begin PBXFileReference section */
		340F64692A01C49400C50263 /* Academy Interactive Map.app */ = {isa = PBXFileReference; explicitFileType = wrapper.application; includeInIndex = 0; path = "Academy Interactive Map.app"; sourceTree = BUILT_PRODUCTS_DIR; };
		340F646C2A01C49400C50263 /* Academy_Interactive_MapApp.swift */ = {isa = PBXFileReference; lastKnownFileType = sourcecode.swift; path = Academy_Interactive_MapApp.swift; sourceTree = "<group>"; usesTabs = 0; };
		340F646E2A01C49400C50263 /* ContentView.swift */ = {isa = PBXFileReference; lastKnownFileType = sourcecode.swift; path = ContentView.swift; sourceTree = "<group>"; };
		340F64702A01C49700C50263 /* Assets.xcassets */ = {isa = PBXFileReference; lastKnownFileType = folder.assetcatalog; path = Assets.xcassets; sourceTree = "<group>"; };
		340F64722A01C49700C50263 /* Academy_Interactive_Map.entitlements */ = {isa = PBXFileReference; lastKnownFileType = text.plist.entitlements; path = Academy_Interactive_Map.entitlements; sourceTree = "<group>"; };
		340F64742A01C49700C50263 /* Preview Assets.xcassets */ = {isa = PBXFileReference; lastKnownFileType = folder.assetcatalog; path = "Preview Assets.xcassets"; sourceTree = "<group>"; };
		340F647A2A01C49700C50263 /* Academy Interactive MapTests.xctest */ = {isa = PBXFileReference; explicitFileType = wrapper.cfbundle; includeInIndex = 0; path = "Academy Interactive MapTests.xctest"; sourceTree = BUILT_PRODUCTS_DIR; };
		340F647E2A01C49700C50263 /* Academy_Interactive_MapTests.swift */ = {isa = PBXFileReference; lastKnownFileType = sourcecode.swift; path = Academy_Interactive_MapTests.swift; sourceTree = "<group>"; };
		340F64842A01C49700C50263 /* Academy Interactive MapUITests.xctest */ = {isa = PBXFileReference; explicitFileType = wrapper.cfbundle; includeInIndex = 0; path = "Academy Interactive MapUITests.xctest"; sourceTree = BUILT_PRODUCTS_DIR; };
		340F64882A01C49700C50263 /* Academy_Interactive_MapUITests.swift */ = {isa = PBXFileReference; lastKnownFileType = sourcecode.swift; path = Academy_Interactive_MapUITests.swift; sourceTree = "<group>"; };
		340F648A2A01C49700C50263 /* Academy_Interactive_MapUITestsLaunchTests.swift */ = {isa = PBXFileReference; lastKnownFileType = sourcecode.swift; path = Academy_Interactive_MapUITestsLaunchTests.swift; sourceTree = "<group>"; };
/* End PBXFileReference section */

/* Begin PBXFrameworksBuildPhase section */
		340F64662A01C49400C50263 /* Frameworks */ = {
			isa = PBXFrameworksBuildPhase;
			buildActionMask = 2147483647;
			files = (
				3475A66C2A02BE0D000C74DA /* InteractiveMap in Frameworks */,
			);
			runOnlyForDeploymentPostprocessing = 0;
		};
		340F64772A01C49700C50263 /* Frameworks */ = {
			isa = PBXFrameworksBuildPhase;
			buildActionMask = 2147483647;
			files = (
			);
			runOnlyForDeploymentPostprocessing = 0;
		};
		340F64812A01C49700C50263 /* Frameworks */ = {
			isa = PBXFrameworksBuildPhase;
			buildActionMask = 2147483647;
			files = (
			);
			runOnlyForDeploymentPostprocessing = 0;
		};
/* End PBXFrameworksBuildPhase section */

/* Begin PBXGroup section */
		340F64602A01C49300C50263 = {
			isa = PBXGroup;
			children = (
				340F646B2A01C49400C50263 /* Academy Interactive Map */,
				340F647D2A01C49700C50263 /* Academy Interactive MapTests */,
				340F64872A01C49700C50263 /* Academy Interactive MapUITests */,
				340F646A2A01C49400C50263 /* Products */,
			);
			sourceTree = "<group>";
		};
		340F646A2A01C49400C50263 /* Products */ = {
			isa = PBXGroup;
			children = (
				340F64692A01C49400C50263 /* Academy Interactive Map.app */,
				340F647A2A01C49700C50263 /* Academy Interactive MapTests.xctest */,
				340F64842A01C49700C50263 /* Academy Interactive MapUITests.xctest */,
			);
			name = Products;
			sourceTree = "<group>";
		};
		340F646B2A01C49400C50263 /* Academy Interactive Map */ = {
			isa = PBXGroup;
			children = (
				340F646C2A01C49400C50263 /* Academy_Interactive_MapApp.swift */,
				340F646E2A01C49400C50263 /* ContentView.swift */,
				340F64702A01C49700C50263 /* Assets.xcassets */,
				340F64722A01C49700C50263 /* Academy_Interactive_Map.entitlements */,
				340F64732A01C49700C50263 /* Preview Content */,
			);
			path = "Academy Interactive Map";
			sourceTree = "<group>";
		};
		340F64732A01C49700C50263 /* Preview Content */ = {
			isa = PBXGroup;
			children = (
				340F64742A01C49700C50263 /* Preview Assets.xcassets */,
			);
			path = "Preview Content";
			sourceTree = "<group>";
		};
		340F647D2A01C49700C50263 /* Academy Interactive MapTests */ = {
			isa = PBXGroup;
			children = (
				340F647E2A01C49700C50263 /* Academy_Interactive_MapTests.swift */,
			);
			path = "Academy Interactive MapTests";
			sourceTree = "<group>";
		};
		340F64872A01C49700C50263 /* Academy Interactive MapUITests */ = {
			isa = PBXGroup;
			children = (
				340F64882A01C49700C50263 /* Academy_Interactive_MapUITests.swift */,
				340F648A2A01C49700C50263 /* Academy_Interactive_MapUITestsLaunchTests.swift */,
			);
			path = "Academy Interactive MapUITests";
			sourceTree = "<group>";
		};
/* End PBXGroup section */

/* Begin PBXNativeTarget section */
		340F64682A01C49400C50263 /* Academy Interactive Map */ = {
			isa = PBXNativeTarget;
			buildConfigurationList = 340F648E2A01C49700C50263 /* Build configuration list for PBXNativeTarget "Academy Interactive Map" */;
			buildPhases = (
				340F64652A01C49400C50263 /* Sources */,
				340F64662A01C49400C50263 /* Frameworks */,
				340F64672A01C49400C50263 /* Resources */,
			);
			buildRules = (
			);
			dependencies = (
			);
			name = "Academy Interactive Map";
			packageProductDependencies = (
				3475A66B2A02BE0D000C74DA /* InteractiveMap */,
			);
			productName = "Academy Interactive Map";
			productReference = 340F64692A01C49400C50263 /* Academy Interactive Map.app */;
			productType = "com.apple.product-type.application";
		};
		340F64792A01C49700C50263 /* Academy Interactive MapTests */ = {
			isa = PBXNativeTarget;
			buildConfigurationList = 340F64912A01C49700C50263 /* Build configuration list for PBXNativeTarget "Academy Interactive MapTests" */;
			buildPhases = (
				340F64762A01C49700C50263 /* Sources */,
				340F64772A01C49700C50263 /* Frameworks */,
				340F64782A01C49700C50263 /* Resources */,
			);
			buildRules = (
			);
			dependencies = (
				340F647C2A01C49700C50263 /* PBXTargetDependency */,
			);
			name = "Academy Interactive MapTests";
			productName = "Academy Interactive MapTests";
			productReference = 340F647A2A01C49700C50263 /* Academy Interactive MapTests.xctest */;
			productType = "com.apple.product-type.bundle.unit-test";
		};
		340F64832A01C49700C50263 /* Academy Interactive MapUITests */ = {
			isa = PBXNativeTarget;
			buildConfigurationList = 340F64942A01C49700C50263 /* Build configuration list for PBXNativeTarget "Academy Interactive MapUITests" */;
			buildPhases = (
				340F64802A01C49700C50263 /* Sources */,
				340F64812A01C49700C50263 /* Frameworks */,
				340F64822A01C49700C50263 /* Resources */,
			);
			buildRules = (
			);
			dependencies = (
				340F64862A01C49700C50263 /* PBXTargetDependency */,
			);
			name = "Academy Interactive MapUITests";
			productName = "Academy Interactive MapUITests";
			productReference = 340F64842A01C49700C50263 /* Academy Interactive MapUITests.xctest */;
			productType = "com.apple.product-type.bundle.ui-testing";
		};
/* End PBXNativeTarget section */

/* Begin PBXProject section */
		340F64612A01C49400C50263 /* Project object */ = {
			isa = PBXProject;
			attributes = {
				BuildIndependentTargetsInParallel = 1;
				LastSwiftUpdateCheck = 1420;
				LastUpgradeCheck = 1420;
				TargetAttributes = {
					340F64682A01C49400C50263 = {
						CreatedOnToolsVersion = 14.2;
					};
					340F64792A01C49700C50263 = {
						CreatedOnToolsVersion = 14.2;
						TestTargetID = 340F64682A01C49400C50263;
					};
					340F64832A01C49700C50263 = {
						CreatedOnToolsVersion = 14.2;
						TestTargetID = 340F64682A01C49400C50263;
					};
				};
			};
			buildConfigurationList = 340F64642A01C49400C50263 /* Build configuration list for PBXProject "Academy Interactive Map" */;
			compatibilityVersion = "Xcode 14.0";
			developmentRegion = en;
			hasScannedForEncodings = 0;
			knownRegions = (
				en,
				Base,
			);
			mainGroup = 340F64602A01C49300C50263;
			packageReferences = (
				3475A66A2A02BE0D000C74DA /* XCRemoteSwiftPackageReference "InteractiveMap" */,
			);
			productRefGroup = 340F646A2A01C49400C50263 /* Products */;
			projectDirPath = "";
			projectRoot = "";
			targets = (
				340F64682A01C49400C50263 /* Academy Interactive Map */,
				340F64792A01C49700C50263 /* Academy Interactive MapTests */,
				340F64832A01C49700C50263 /* Academy Interactive MapUITests */,
			);
		};
/* End PBXProject section */

/* Begin PBXResourcesBuildPhase section */
		340F64672A01C49400C50263 /* Resources */ = {
			isa = PBXResourcesBuildPhase;
			buildActionMask = 2147483647;
			files = (
				340F64752A01C49700C50263 /* Preview Assets.xcassets in Resources */,
				340F64712A01C49700C50263 /* Assets.xcassets in Resources */,
			);
			runOnlyForDeploymentPostprocessing = 0;
		};
		340F64782A01C49700C50263 /* Resources */ = {
			isa = PBXResourcesBuildPhase;
			buildActionMask = 2147483647;
			files = (
			);
			runOnlyForDeploymentPostprocessing = 0;
		};
		340F64822A01C49700C50263 /* Resources */ = {
			isa = PBXResourcesBuildPhase;
			buildActionMask = 2147483647;
			files = (
			);
			runOnlyForDeploymentPostprocessing = 0;
		};
/* End PBXResourcesBuildPhase section */

/* Begin PBXSourcesBuildPhase section */
		340F64652A01C49400C50263 /* Sources */ = {
			isa = PBXSourcesBuildPhase;
			buildActionMask = 2147483647;
			files = (
				340F646F2A01C49400C50263 /* ContentView.swift in Sources */,
				340F646D2A01C49400C50263 /* Academy_Interactive_MapApp.swift in Sources */,
			);
			runOnlyForDeploymentPostprocessing = 0;
		};
		340F64762A01C49700C50263 /* Sources */ = {
			isa = PBXSourcesBuildPhase;
			buildActionMask = 2147483647;
			files = (
				340F647F2A01C49700C50263 /* Academy_Interactive_MapTests.swift in Sources */,
			);
			runOnlyForDeploymentPostprocessing = 0;
		};
		340F64802A01C49700C50263 /* Sources */ = {
			isa = PBXSourcesBuildPhase;
			buildActionMask = 2147483647;
			files = (
				340F64892A01C49700C50263 /* Academy_Interactive_MapUITests.swift in Sources */,
				340F648B2A01C49700C50263 /* Academy_Interactive_MapUITestsLaunchTests.swift in Sources */,
			);
			runOnlyForDeploymentPostprocessing = 0;
		};
/* End PBXSourcesBuildPhase section */

/* Begin PBXTargetDependency section */
		340F647C2A01C49700C50263 /* PBXTargetDependency */ = {
			isa = PBXTargetDependency;
			target = 340F64682A01C49400C50263 /* Academy Interactive Map */;
			targetProxy = 340F647B2A01C49700C50263 /* PBXContainerItemProxy */;
		};
		340F64862A01C49700C50263 /* PBXTargetDependency */ = {
			isa = PBXTargetDependency;
			target = 340F64682A01C49400C50263 /* Academy Interactive Map */;
			targetProxy = 340F64852A01C49700C50263 /* PBXContainerItemProxy */;
		};
/* End PBXTargetDependency section */

/* Begin XCBuildConfiguration section */
		340F648C2A01C49700C50263 /* Debug */ = {
			isa = XCBuildConfiguration;
			buildSettings = {
				ALWAYS_SEARCH_USER_PATHS = NO;
				CLANG_ANALYZER_NONNULL = YES;
				CLANG_ANALYZER_NUMBER_OBJECT_CONVERSION = YES_AGGRESSIVE;
				CLANG_CXX_LANGUAGE_STANDARD = "gnu++20";
				CLANG_ENABLE_MODULES = YES;
				CLANG_ENABLE_OBJC_ARC = YES;
				CLANG_ENABLE_OBJC_WEAK = YES;
				CLANG_WARN_BLOCK_CAPTURE_AUTORELEASING = YES;
				CLANG_WARN_BOOL_CONVERSION = YES;
				CLANG_WARN_COMMA = YES;
				CLANG_WARN_CONSTANT_CONVERSION = YES;
				CLANG_WARN_DEPRECATED_OBJC_IMPLEMENTATIONS = YES;
				CLANG_WARN_DIRECT_OBJC_ISA_USAGE = YES_ERROR;
				CLANG_WARN_DOCUMENTATION_COMMENTS = YES;
				CLANG_WARN_EMPTY_BODY = YES;
				CLANG_WARN_ENUM_CONVERSION = YES;
				CLANG_WARN_INFINITE_RECURSION = YES;
				CLANG_WARN_INT_CONVERSION = YES;
				CLANG_WARN_NON_LITERAL_NULL_CONVERSION = YES;
				CLANG_WARN_OBJC_IMPLICIT_RETAIN_SELF = YES;
				CLANG_WARN_OBJC_LITERAL_CONVERSION = YES;
				CLANG_WARN_OBJC_ROOT_CLASS = YES_ERROR;
				CLANG_WARN_QUOTED_INCLUDE_IN_FRAMEWORK_HEADER = YES;
				CLANG_WARN_RANGE_LOOP_ANALYSIS = YES;
				CLANG_WARN_STRICT_PROTOTYPES = YES;
				CLANG_WARN_SUSPICIOUS_MOVE = YES;
				CLANG_WARN_UNGUARDED_AVAILABILITY = YES_AGGRESSIVE;
				CLANG_WARN_UNREACHABLE_CODE = YES;
				CLANG_WARN__DUPLICATE_METHOD_MATCH = YES;
				COPY_PHASE_STRIP = NO;
				DEBUG_INFORMATION_FORMAT = dwarf;
				ENABLE_STRICT_OBJC_MSGSEND = YES;
				ENABLE_TESTABILITY = YES;
				GCC_C_LANGUAGE_STANDARD = gnu11;
				GCC_DYNAMIC_NO_PIC = NO;
				GCC_NO_COMMON_BLOCKS = YES;
				GCC_OPTIMIZATION_LEVEL = 0;
				GCC_PREPROCESSOR_DEFINITIONS = (
					"DEBUG=1",
					"$(inherited)",
				);
				GCC_WARN_64_TO_32_BIT_CONVERSION = YES;
				GCC_WARN_ABOUT_RETURN_TYPE = YES_ERROR;
				GCC_WARN_UNDECLARED_SELECTOR = YES;
				GCC_WARN_UNINITIALIZED_AUTOS = YES_AGGRESSIVE;
				GCC_WARN_UNUSED_FUNCTION = YES;
				GCC_WARN_UNUSED_VARIABLE = YES;
				MTL_ENABLE_DEBUG_INFO = INCLUDE_SOURCE;
				MTL_FAST_MATH = YES;
				ONLY_ACTIVE_ARCH = YES;
				SWIFT_ACTIVE_COMPILATION_CONDITIONS = DEBUG;
				SWIFT_OPTIMIZATION_LEVEL = "-Onone";
			};
			name = Debug;
		};
		340F648D2A01C49700C50263 /* Release */ = {
			isa = XCBuildConfiguration;
			buildSettings = {
				ALWAYS_SEARCH_USER_PATHS = NO;
				CLANG_ANALYZER_NONNULL = YES;
				CLANG_ANALYZER_NUMBER_OBJECT_CONVERSION = YES_AGGRESSIVE;
				CLANG_CXX_LANGUAGE_STANDARD = "gnu++20";
				CLANG_ENABLE_MODULES = YES;
				CLANG_ENABLE_OBJC_ARC = YES;
				CLANG_ENABLE_OBJC_WEAK = YES;
				CLANG_WARN_BLOCK_CAPTURE_AUTORELEASING = YES;
				CLANG_WARN_BOOL_CONVERSION = YES;
				CLANG_WARN_COMMA = YES;
				CLANG_WARN_CONSTANT_CONVERSION = YES;
				CLANG_WARN_DEPRECATED_OBJC_IMPLEMENTATIONS = YES;
				CLANG_WARN_DIRECT_OBJC_ISA_USAGE = YES_ERROR;
				CLANG_WARN_DOCUMENTATION_COMMENTS = YES;
				CLANG_WARN_EMPTY_BODY = YES;
				CLANG_WARN_ENUM_CONVERSION = YES;
				CLANG_WARN_INFINITE_RECURSION = YES;
				CLANG_WARN_INT_CONVERSION = YES;
				CLANG_WARN_NON_LITERAL_NULL_CONVERSION = YES;
				CLANG_WARN_OBJC_IMPLICIT_RETAIN_SELF = YES;
				CLANG_WARN_OBJC_LITERAL_CONVERSION = YES;
				CLANG_WARN_OBJC_ROOT_CLASS = YES_ERROR;
				CLANG_WARN_QUOTED_INCLUDE_IN_FRAMEWORK_HEADER = YES;
				CLANG_WARN_RANGE_LOOP_ANALYSIS = YES;
				CLANG_WARN_STRICT_PROTOTYPES = YES;
				CLANG_WARN_SUSPICIOUS_MOVE = YES;
				CLANG_WARN_UNGUARDED_AVAILABILITY = YES_AGGRESSIVE;
				CLANG_WARN_UNREACHABLE_CODE = YES;
				CLANG_WARN__DUPLICATE_METHOD_MATCH = YES;
				COPY_PHASE_STRIP = NO;
				DEBUG_INFORMATION_FORMAT = "dwarf-with-dsym";
				ENABLE_NS_ASSERTIONS = NO;
				ENABLE_STRICT_OBJC_MSGSEND = YES;
				GCC_C_LANGUAGE_STANDARD = gnu11;
				GCC_NO_COMMON_BLOCKS = YES;
				GCC_WARN_64_TO_32_BIT_CONVERSION = YES;
				GCC_WARN_ABOUT_RETURN_TYPE = YES_ERROR;
				GCC_WARN_UNDECLARED_SELECTOR = YES;
				GCC_WARN_UNINITIALIZED_AUTOS = YES_AGGRESSIVE;
				GCC_WARN_UNUSED_FUNCTION = YES;
				GCC_WARN_UNUSED_VARIABLE = YES;
				MTL_ENABLE_DEBUG_INFO = NO;
				MTL_FAST_MATH = YES;
				SWIFT_COMPILATION_MODE = wholemodule;
				SWIFT_OPTIMIZATION_LEVEL = "-O";
			};
			name = Release;
		};
		340F648F2A01C49700C50263 /* Debug */ = {
			isa = XCBuildConfiguration;
			buildSettings = {
				ASSETCATALOG_COMPILER_APPICON_NAME = AppIcon;
				ASSETCATALOG_COMPILER_GLOBAL_ACCENT_COLOR_NAME = AccentColor;
				CODE_SIGN_ENTITLEMENTS = "Academy Interactive Map/Academy_Interactive_Map.entitlements";
				CODE_SIGN_STYLE = Automatic;
				CURRENT_PROJECT_VERSION = 1;
				DEVELOPMENT_ASSET_PATHS = "\"Academy Interactive Map/Preview Content\"";
				ENABLE_PREVIEWS = YES;
				GENERATE_INFOPLIST_FILE = YES;
				"INFOPLIST_KEY_UIApplicationSceneManifest_Generation[sdk=iphoneos*]" = YES;
				"INFOPLIST_KEY_UIApplicationSceneManifest_Generation[sdk=iphonesimulator*]" = YES;
				"INFOPLIST_KEY_UIApplicationSupportsIndirectInputEvents[sdk=iphoneos*]" = YES;
				"INFOPLIST_KEY_UIApplicationSupportsIndirectInputEvents[sdk=iphonesimulator*]" = YES;
				"INFOPLIST_KEY_UILaunchScreen_Generation[sdk=iphoneos*]" = YES;
				"INFOPLIST_KEY_UILaunchScreen_Generation[sdk=iphonesimulator*]" = YES;
				"INFOPLIST_KEY_UIStatusBarStyle[sdk=iphoneos*]" = UIStatusBarStyleDefault;
				"INFOPLIST_KEY_UIStatusBarStyle[sdk=iphonesimulator*]" = UIStatusBarStyleDefault;
				INFOPLIST_KEY_UISupportedInterfaceOrientations_iPad = "UIInterfaceOrientationPortrait UIInterfaceOrientationPortraitUpsideDown UIInterfaceOrientationLandscapeLeft UIInterfaceOrientationLandscapeRight";
				INFOPLIST_KEY_UISupportedInterfaceOrientations_iPhone = "UIInterfaceOrientationPortrait UIInterfaceOrientationLandscapeLeft UIInterfaceOrientationLandscapeRight";
				IPHONEOS_DEPLOYMENT_TARGET = 16.2;
				LD_RUNPATH_SEARCH_PATHS = "@executable_path/Frameworks";
				"LD_RUNPATH_SEARCH_PATHS[sdk=macosx*]" = "@executable_path/../Frameworks";
				MACOSX_DEPLOYMENT_TARGET = 13.1;
				MARKETING_VERSION = 1.0;
				PRODUCT_BUNDLE_IDENTIFIER = "Bri92a.Academy-Interactive-Map";
				PRODUCT_NAME = "$(TARGET_NAME)";
				SDKROOT = auto;
				SUPPORTED_PLATFORMS = "iphoneos iphonesimulator macosx";
				SWIFT_EMIT_LOC_STRINGS = YES;
				SWIFT_VERSION = 5.0;
				TARGETED_DEVICE_FAMILY = "1,2";
			};
			name = Debug;
		};
		340F64902A01C49700C50263 /* Release */ = {
			isa = XCBuildConfiguration;
			buildSettings = {
				ASSETCATALOG_COMPILER_APPICON_NAME = AppIcon;
				ASSETCATALOG_COMPILER_GLOBAL_ACCENT_COLOR_NAME = AccentColor;
				CODE_SIGN_ENTITLEMENTS = "Academy Interactive Map/Academy_Interactive_Map.entitlements";
				CODE_SIGN_STYLE = Automatic;
				CURRENT_PROJECT_VERSION = 1;
				DEVELOPMENT_ASSET_PATHS = "\"Academy Interactive Map/Preview Content\"";
				ENABLE_PREVIEWS = YES;
				GENERATE_INFOPLIST_FILE = YES;
				"INFOPLIST_KEY_UIApplicationSceneManifest_Generation[sdk=iphoneos*]" = YES;
				"INFOPLIST_KEY_UIApplicationSceneManifest_Generation[sdk=iphonesimulator*]" = YES;
				"INFOPLIST_KEY_UIApplicationSupportsIndirectInputEvents[sdk=iphoneos*]" = YES;
				"INFOPLIST_KEY_UIApplicationSupportsIndirectInputEvents[sdk=iphonesimulator*]" = YES;
				"INFOPLIST_KEY_UILaunchScreen_Generation[sdk=iphoneos*]" = YES;
				"INFOPLIST_KEY_UILaunchScreen_Generation[sdk=iphonesimulator*]" = YES;
				"INFOPLIST_KEY_UIStatusBarStyle[sdk=iphoneos*]" = UIStatusBarStyleDefault;
				"INFOPLIST_KEY_UIStatusBarStyle[sdk=iphonesimulator*]" = UIStatusBarStyleDefault;
				INFOPLIST_KEY_UISupportedInterfaceOrientations_iPad = "UIInterfaceOrientationPortrait UIInterfaceOrientationPortraitUpsideDown UIInterfaceOrientationLandscapeLeft UIInterfaceOrientationLandscapeRight";
				INFOPLIST_KEY_UISupportedInterfaceOrientations_iPhone = "UIInterfaceOrientationPortrait UIInterfaceOrientationLandscapeLeft UIInterfaceOrientationLandscapeRight";
				IPHONEOS_DEPLOYMENT_TARGET = 16.2;
				LD_RUNPATH_SEARCH_PATHS = "@executable_path/Frameworks";
				"LD_RUNPATH_SEARCH_PATHS[sdk=macosx*]" = "@executable_path/../Frameworks";
				MACOSX_DEPLOYMENT_TARGET = 13.1;
				MARKETING_VERSION = 1.0;
				PRODUCT_BUNDLE_IDENTIFIER = "Bri92a.Academy-Interactive-Map";
				PRODUCT_NAME = "$(TARGET_NAME)";
				SDKROOT = auto;
				SUPPORTED_PLATFORMS = "iphoneos iphonesimulator macosx";
				SWIFT_EMIT_LOC_STRINGS = YES;
				SWIFT_VERSION = 5.0;
				TARGETED_DEVICE_FAMILY = "1,2";
			};
			name = Release;
		};
		340F64922A01C49700C50263 /* Debug */ = {
			isa = XCBuildConfiguration;
			buildSettings = {
				ALWAYS_EMBED_SWIFT_STANDARD_LIBRARIES = YES;
				BUNDLE_LOADER = "$(TEST_HOST)";
				CODE_SIGN_STYLE = Automatic;
				CURRENT_PROJECT_VERSION = 1;
				GENERATE_INFOPLIST_FILE = YES;
				IPHONEOS_DEPLOYMENT_TARGET = 16.2;
				MACOSX_DEPLOYMENT_TARGET = 13.1;
				MARKETING_VERSION = 1.0;
				PRODUCT_BUNDLE_IDENTIFIER = "Bri92a.Academy-Interactive-MapTests";
				PRODUCT_NAME = "$(TARGET_NAME)";
				SDKROOT = auto;
				SUPPORTED_PLATFORMS = "iphoneos iphonesimulator macosx";
				SWIFT_EMIT_LOC_STRINGS = NO;
				SWIFT_VERSION = 5.0;
				TARGETED_DEVICE_FAMILY = "1,2";
				TEST_HOST = "$(BUILT_PRODUCTS_DIR)/Academy Interactive Map.app/$(BUNDLE_EXECUTABLE_FOLDER_PATH)/Academy Interactive Map";
			};
			name = Debug;
		};
		340F64932A01C49700C50263 /* Release */ = {
			isa = XCBuildConfiguration;
			buildSettings = {
				ALWAYS_EMBED_SWIFT_STANDARD_LIBRARIES = YES;
				BUNDLE_LOADER = "$(TEST_HOST)";
				CODE_SIGN_STYLE = Automatic;
				CURRENT_PROJECT_VERSION = 1;
				GENERATE_INFOPLIST_FILE = YES;
				IPHONEOS_DEPLOYMENT_TARGET = 16.2;
				MACOSX_DEPLOYMENT_TARGET = 13.1;
				MARKETING_VERSION = 1.0;
				PRODUCT_BUNDLE_IDENTIFIER = "Bri92a.Academy-Interactive-MapTests";
				PRODUCT_NAME = "$(TARGET_NAME)";
				SDKROOT = auto;
				SUPPORTED_PLATFORMS = "iphoneos iphonesimulator macosx";
				SWIFT_EMIT_LOC_STRINGS = NO;
				SWIFT_VERSION = 5.0;
				TARGETED_DEVICE_FAMILY = "1,2";
				TEST_HOST = "$(BUILT_PRODUCTS_DIR)/Academy Interactive Map.app/$(BUNDLE_EXECUTABLE_FOLDER_PATH)/Academy Interactive Map";
			};
			name = Release;
		};
		340F64952A01C49700C50263 /* Debug */ = {
			isa = XCBuildConfiguration;
			buildSettings = {
				ALWAYS_EMBED_SWIFT_STANDARD_LIBRARIES = YES;
				CODE_SIGN_STYLE = Automatic;
				CURRENT_PROJECT_VERSION = 1;
				GENERATE_INFOPLIST_FILE = YES;
				IPHONEOS_DEPLOYMENT_TARGET = 16.2;
				MACOSX_DEPLOYMENT_TARGET = 13.1;
				MARKETING_VERSION = 1.0;
				PRODUCT_BUNDLE_IDENTIFIER = "Bri92a.Academy-Interactive-MapUITests";
				PRODUCT_NAME = "$(TARGET_NAME)";
				SDKROOT = auto;
				SUPPORTED_PLATFORMS = "iphoneos iphonesimulator macosx";
				SWIFT_EMIT_LOC_STRINGS = NO;
				SWIFT_VERSION = 5.0;
				TARGETED_DEVICE_FAMILY = "1,2";
				TEST_TARGET_NAME = "Academy Interactive Map";
			};
			name = Debug;
		};
		340F64962A01C49700C50263 /* Release */ = {
			isa = XCBuildConfiguration;
			buildSettings = {
				ALWAYS_EMBED_SWIFT_STANDARD_LIBRARIES = YES;
				CODE_SIGN_STYLE = Automatic;
				CURRENT_PROJECT_VERSION = 1;
				GENERATE_INFOPLIST_FILE = YES;
				IPHONEOS_DEPLOYMENT_TARGET = 16.2;
				MACOSX_DEPLOYMENT_TARGET = 13.1;
				MARKETING_VERSION = 1.0;
				PRODUCT_BUNDLE_IDENTIFIER = "Bri92a.Academy-Interactive-MapUITests";
				PRODUCT_NAME = "$(TARGET_NAME)";
				SDKROOT = auto;
				SUPPORTED_PLATFORMS = "iphoneos iphonesimulator macosx";
				SWIFT_EMIT_LOC_STRINGS = NO;
				SWIFT_VERSION = 5.0;
				TARGETED_DEVICE_FAMILY = "1,2";
				TEST_TARGET_NAME = "Academy Interactive Map";
			};
			name = Release;
		};
/* End XCBuildConfiguration section */

/* Begin XCConfigurationList section */
		340F64642A01C49400C50263 /* Build configuration list for PBXProject "Academy Interactive Map" */ = {
			isa = XCConfigurationList;
			buildConfigurations = (
				340F648C2A01C49700C50263 /* Debug */,
				340F648D2A01C49700C50263 /* Release */,
			);
			defaultConfigurationIsVisible = 0;
			defaultConfigurationName = Release;
		};
		340F648E2A01C49700C50263 /* Build configuration list for PBXNativeTarget "Academy Interactive Map" */ = {
			isa = XCConfigurationList;
			buildConfigurations = (
				340F648F2A01C49700C50263 /* Debug */,
				340F64902A01C49700C50263 /* Release */,
			);
			defaultConfigurationIsVisible = 0;
			defaultConfigurationName = Release;
		};
		340F64912A01C49700C50263 /* Build configuration list for PBXNativeTarget "Academy Interactive MapTests" */ = {
			isa = XCConfigurationList;
			buildConfigurations = (
				340F64922A01C49700C50263 /* Debug */,
				340F64932A01C49700C50263 /* Release */,
			);
			defaultConfigurationIsVisible = 0;
			defaultConfigurationName = Release;
		};
		340F64942A01C49700C50263 /* Build configuration list for PBXNativeTarget "Academy Interactive MapUITests" */ = {
			isa = XCConfigurationList;
			buildConfigurations = (
				340F64952A01C49700C50263 /* Debug */,
				340F64962A01C49700C50263 /* Release */,
			);
			defaultConfigurationIsVisible = 0;
			defaultConfigurationName = Release;
		};
/* End XCConfigurationList section */

/* Begin XCRemoteSwiftPackageReference section */
		3475A66A2A02BE0D000C74DA /* XCRemoteSwiftPackageReference "InteractiveMap" */ = {
			isa = XCRemoteSwiftPackageReference;
			repositoryURL = "https://github.com/GrandSir/InteractiveMap";
			requirement = {
				branch = main;
				kind = branch;
			};
		};
/* End XCRemoteSwiftPackageReference section */

/* Begin XCSwiftPackageProductDependency section */
		3475A66B2A02BE0D000C74DA /* InteractiveMap */ = {
			isa = XCSwiftPackageProductDependency;
			package = 3475A66A2A02BE0D000C74DA /* XCRemoteSwiftPackageReference "InteractiveMap" */;
			productName = InteractiveMap;
		};
/* End XCSwiftPackageProductDependency section */
	};
	rootObject = 340F64612A01C49400C50263 /* Project object */;
}
